
Microsoft Visual Studio Solution File, Format Version 12.00
# Visual Studio Version 17
VisualStudioVersion = 17.9.34728.123
MinimumVisualStudioVersion = 10.0.40219.1
Project("{FAE04EC0-301F-11D3-BF4B-00C04F79EFBC}") = "CheapDeals.comLTD", "CheapDeals.comLTD.csproj", "{5E96C048-8F03-4F06-A102-E0F75FBE3D31}"
EndProject
Global
	GlobalSection(SolutionConfigurationPlatforms) = preSolution
		Debug|Any CPU = Debug|Any CPU
		Release|Any CPU = Release|Any CPU
	EndGlobalSection
	GlobalSection(ProjectConfigurationPlatforms) = postSolution
		{5E96C048-8F03-4F06-A102-E0F75FBE3D31}.Debug|Any CPU.ActiveCfg = Debug|Any CPU
		{5E96C048-8F03-4F06-A102-E0F75FBE3D31}.Debug|Any CPU.Build.0 = Debug|Any CPU
		{5E96C048-8F03-4F06-A102-E0F75FBE3D31}.Release|Any CPU.ActiveCfg = Release|Any CPU
		{5E96C048-8F03-4F06-A102-E0F75FBE3D31}.Release|Any CPU.Build.0 = Release|Any CPU
	EndGlobalSection
	GlobalSection(SolutionProperties) = preSolution
		HideSolutionNode = FALSE
	EndGlobalSection
	GlobalSection(ExtensibilityGlobals) = postSolution
		SolutionGuid = {B9D5A5E1-22F2-4338-95CC-00A775F7C962}
	EndGlobalSection
EndGlobal
